
Microsoft Visual Studio Solution File, Format Version 12.00
# Visual Studio 15
VisualStudioVersion = 15.0.28307.489
MinimumVisualStudioVersion = 10.0.40219.1
Project("{FAE04EC0-301F-11D3-BF4B-00C04F79EFBC}") = "ToVid", "ToVid\ToVid.csproj", "{5F310455-7CA3-4156-89CB-0B407508CC61}"
EndProject
Project("{9A19103F-16F7-4668-BE54-9A1E7A4F7556}") = "ToVid.Core", "ToVid.Core\ToVid.Core.csproj", "{86FD43BC-5CEA-4E79-9A1D-296196A50954}"
EndProject
Global
	GlobalSection(SolutionConfigurationPlatforms) = preSolution
		Debug|Any CPU = Debug|Any CPU
		Debug|ARM = Debug|ARM
		Debug|x64 = Debug|x64
		Debug|x86 = Debug|x86
		Release|Any CPU = Release|Any CPU
		Release|ARM = Release|ARM
		Release|x64 = Release|x64
		Release|x86 = Release|x86
	EndGlobalSection
	GlobalSection(ProjectConfigurationPlatforms) = postSolution
		{5F310455-7CA3-4156-89CB-0B407508CC61}.Debug|Any CPU.ActiveCfg = Debug|x86
		{5F310455-7CA3-4156-89CB-0B407508CC61}.Debug|ARM.ActiveCfg = Debug|ARM
		{5F310455-7CA3-4156-89CB-0B407508CC61}.Debug|ARM.Build.0 = Debug|ARM
		{5F310455-7CA3-4156-89CB-0B407508CC61}.Debug|ARM.Deploy.0 = Debug|ARM
		{5F310455-7CA3-4156-89CB-0B407508CC61}.Debug|x64.ActiveCfg = Debug|x64
		{5F310455-7CA3-4156-89CB-0B407508CC61}.Debug|x64.Build.0 = Debug|x64
		{5F310455-7CA3-4156-89CB-0B407508CC61}.Debug|x64.Deploy.0 = Debug|x64
		{5F310455-7CA3-4156-89CB-0B407508CC61}.Debug|x86.ActiveCfg = Debug|x86
		{5F310455-7CA3-4156-89CB-0B407508CC61}.Debug|x86.Build.0 = Debug|x86
		{5F310455-7CA3-4156-89CB-0B407508CC61}.Debug|x86.Deploy.0 = Debug|x86
		{5F310455-7CA3-4156-89CB-0B407508CC61}.Release|Any CPU.ActiveCfg = Release|x86
		{5F310455-7CA3-4156-89CB-0B407508CC61}.Release|ARM.ActiveCfg = Release|ARM
		{5F310455-7CA3-4156-89CB-0B407508CC61}.Release|ARM.Build.0 = Release|ARM
		{5F310455-7CA3-4156-89CB-0B407508CC61}.Release|ARM.Deploy.0 = Release|ARM
		{5F310455-7CA3-4156-89CB-0B407508CC61}.Release|x64.ActiveCfg = Release|x64
		{5F310455-7CA3-4156-89CB-0B407508CC61}.Release|x64.Build.0 = Release|x64
		{5F310455-7CA3-4156-89CB-0B407508CC61}.Release|x64.Deploy.0 = Release|x64
		{5F310455-7CA3-4156-89CB-0B407508CC61}.Release|x86.ActiveCfg = Release|x86
		{5F310455-7CA3-4156-89CB-0B407508CC61}.Release|x86.Build.0 = Release|x86
		{5F310455-7CA3-4156-89CB-0B407508CC61}.Release|x86.Deploy.0 = Release|x86
		{86FD43BC-5CEA-4E79-9A1D-296196A50954}.Debug|Any CPU.ActiveCfg = Debug|Any CPU
		{86FD43BC-5CEA-4E79-9A1D-296196A50954}.Debug|Any CPU.Build.0 = Debug|Any CPU
		{86FD43BC-5CEA-4E79-9A1D-296196A50954}.Debug|ARM.ActiveCfg = Debug|Any CPU
		{86FD43BC-5CEA-4E79-9A1D-296196A50954}.Debug|ARM.Build.0 = Debug|Any CPU
		{86FD43BC-5CEA-4E79-9A1D-296196A50954}.Debug|x64.ActiveCfg = Debug|Any CPU
		{86FD43BC-5CEA-4E79-9A1D-296196A50954}.Debug|x64.Build.0 = Debug|Any CPU
		{86FD43BC-5CEA-4E79-9A1D-296196A50954}.Debug|x86.ActiveCfg = Debug|Any CPU
		{86FD43BC-5CEA-4E79-9A1D-296196A50954}.Debug|x86.Build.0 = Debug|Any CPU
		{86FD43BC-5CEA-4E79-9A1D-296196A50954}.Release|Any CPU.ActiveCfg = Release|Any CPU
		{86FD43BC-5CEA-4E79-9A1D-296196A50954}.Release|Any CPU.Build.0 = Release|Any CPU
		{86FD43BC-5CEA-4E79-9A1D-296196A50954}.Release|ARM.ActiveCfg = Release|Any CPU
		{86FD43BC-5CEA-4E79-9A1D-296196A50954}.Release|ARM.Build.0 = Release|Any CPU
		{86FD43BC-5CEA-4E79-9A1D-296196A50954}.Release|x64.ActiveCfg = Release|Any CPU
		{86FD43BC-5CEA-4E79-9A1D-296196A50954}.Release|x64.Build.0 = Release|Any CPU
		{86FD43BC-5CEA-4E79-9A1D-296196A50954}.Release|x86.ActiveCfg = Release|Any CPU
		{86FD43BC-5CEA-4E79-9A1D-296196A50954}.Release|x86.Build.0 = Release|Any CPU
	EndGlobalSection
	GlobalSection(SolutionProperties) = preSolution
		HideSolutionNode = FALSE
	EndGlobalSection
	GlobalSection(ExtensibilityGlobals) = postSolution
		SolutionGuid = {04B2C6E2-EFA4-4194-836B-0EF759BE6F6D}
	EndGlobalSection
EndGlobal
